Microsoft Visual Studio Solution File, Format Version 12.00
# Visual Studio Version 17
VisualStudioVersion = 17.5.2.0
MinimumVisualStudioVersion = 10.0.40219.1
Project("{FAE04EC0-301F-11D3-BF4B-00C04F79EFBC}") = "ReservationApi", "ReservationApi.csproj", "{858D76C1-D74A-ECCD-A161-7180CE5D053B}"
EndProject
Global
	GlobalSection(SolutionConfigurationPlatforms) = preSolution
		Debug|Any CPU = Debug|Any CPU
		Release|Any CPU = Release|Any CPU
	EndGlobalSection
	GlobalSection(ProjectConfigurationPlatforms) = postSolution
		{858D76C1-D74A-ECCD-A161-7180CE5D053B}.Debug|Any CPU.ActiveCfg = Debug|Any CPU
		{858D76C1-D74A-ECCD-A161-7180CE5D053B}.Debug|Any CPU.Build.0 = Debug|Any CPU
		{858D76C1-D74A-ECCD-A161-7180CE5D053B}.Release|Any CPU.ActiveCfg = Release|Any CPU
		{858D76C1-D74A-ECCD-A161-7180CE5D053B}.Release|Any CPU.Build.0 = Release|Any CPU
	EndGlobalSection
	GlobalSection(SolutionProperties) = preSolution
		HideSolutionNode = FALSE
	EndGlobalSection
	GlobalSection(ExtensibilityGlobals) = postSolution
		SolutionGuid = {EFC43BEF-6204-406B-BC0E-F2EA759172E6}
	EndGlobalSection
EndGlobal
